// !$*UTF8*$!
{
	archiveVersion = 1;
	classes = {
	};
	objectVersion = 50;
	objects = {

/* Begin PBXBuildFile section */
		1E85FE7C24B5D0F800B23E2E /* SunsetAlertApp.swift in Sources */ = {isa = PBXBuildFile; fileRef = 1E85FE7B24B5D0F800B23E2E /* SunsetAlertApp.swift */; };
		1E85FE7E24B5D0F800B23E2E /* ContentView.swift in Sources */ = {isa = PBXBuildFile; fileRef = 1E85FE7D24B5D0F800B23E2E /* ContentView.swift */; };
		1E85FE8024B5D0FE00B23E2E /* Assets.xcassets in Resources */ = {isa = PBXBuildFile; fileRef = 1E85FE7F24B5D0FE00B23E2E /* Assets.xcassets */; };
		1E85FE8324B5D0FE00B23E2E /* Preview Assets.xcassets in Resources */ = {isa = PBXBuildFile; fileRef = 1E85FE8224B5D0FE00B23E2E /* Preview Assets.xcassets */; };
		1E85FE8C24B5E07700B23E2E /* EmptyView.swift in Sources */ = {isa = PBXBuildFile; fileRef = 1E85FE8B24B5E07700B23E2E /* EmptyView.swift */; };
		B0A86BD027B10A7D00C4D81D /* sunrise.png in Resources */ = {isa = PBXBuildFile; fileRef = B0A86BCF27B10A7D00C4D81D /* sunrise.png */; };
		B0A86BD227B10B3100C4D81D /* sunrise24x24.png in Resources */ = {isa = PBXBuildFile; fileRef = B0A86BD127B10B3100C4D81D /* sunrise24x24.png */; };
		B0A86BD427B10EA100C4D81D /* sunrise16x16.png in Resources */ = {isa = PBXBuildFile; fileRef = B0A86BD327B10EA100C4D81D /* sunrise16x16.png */; };
		B0A86BD627B10EE100C4D81D /* sunrise_color.png in Resources */ = {isa = PBXBuildFile; fileRef = B0A86BD527B10EE100C4D81D /* sunrise_color.png */; };
		B0A86BD927B1135D00C4D81D /* LICENSE in Resources */ = {isa = PBXBuildFile; fileRef = B0A86BD727B1135D00C4D81D /* LICENSE */; };
		B0A86BDA27B1135D00C4D81D /* README.md in Resources */ = {isa = PBXBuildFile; fileRef = B0A86BD827B1135D00C4D81D /* README.md */; };
		B0A86BDC27B1151100C4D81D /* location_pin.png in Resources */ = {isa = PBXBuildFile; fileRef = B0A86BDB27B1151100C4D81D /* location_pin.png */; };
		B0A86BDE27B153E100C4D81D /* cock-a-doodle-do.wav in Resources */ = {isa = PBXBuildFile; fileRef = B0A86BDD27B153E100C4D81D /* cock-a-doodle-do.wav */; };
		B0A86BE427B15E2C00C4D81D /* sunrise_color24x24.png in Resources */ = {isa = PBXBuildFile; fileRef = B0A86BDF27B15E2C00C4D81D /* sunrise_color24x24.png */; };
		B0A86BE527B15E2C00C4D81D /* sunrise_color32x32.png in Resources */ = {isa = PBXBuildFile; fileRef = B0A86BE027B15E2C00C4D81D /* sunrise_color32x32.png */; };
		B0A86BE627B15E2C00C4D81D /* sunrise_color16x16.png in Resources */ = {isa = PBXBuildFile; fileRef = B0A86BE127B15E2C00C4D81D /* sunrise_color16x16.png */; };
		B0A86BE727B15E2C00C4D81D /* sunrise_color64x64.png in Resources */ = {isa = PBXBuildFile; fileRef = B0A86BE227B15E2C00C4D81D /* sunrise_color64x64.png */; };
		B0A86BE827B15E2C00C4D81D /* sunrise_color128x128.png in Resources */ = {isa = PBXBuildFile; fileRef = B0A86BE327B15E2C00C4D81D /* sunrise_color128x128.png */; };
		B0A86BEA27B15E6400C4D81D /* sunrise_color256x256.png in Resources */ = {isa = PBXBuildFile; fileRef = B0A86BE927B15E6400C4D81D /* sunrise_color256x256.png */; };
/* End PBXBuildFile section */

/* Begin PBXFileReference section */
		1E85FE7824B5D0F800B23E2E /* SunsetAlert.app */ = {isa = PBXFileReference; explicitFileType = wrapper.application; includeInIndex = 0; path = SunsetAlert.app; sourceTree = BUILT_PRODUCTS_DIR; };
		1E85FE7B24B5D0F800B23E2E /* SunsetAlertApp.swift */ = {isa = PBXFileReference; lastKnownFileType = sourcecode.swift; path = SunsetAlertApp.swift; sourceTree = "<group>"; };
		1E85FE7D24B5D0F800B23E2E /* ContentView.swift */ = {isa = PBXFileReference; lastKnownFileType = sourcecode.swift; path = ContentView.swift; sourceTree = "<group>"; };
		1E85FE7F24B5D0FE00B23E2E /* Assets.xcassets */ = {isa = PBXFileReference; lastKnownFileType = folder.assetcatalog; path = Assets.xcassets; sourceTree = "<group>"; };
		1E85FE8224B5D0FE00B23E2E /* Preview Assets.xcassets */ = {isa = PBXFileReference; lastKnownFileType = folder.assetcatalog; path = "Preview Assets.xcassets"; sourceTree = "<group>"; };
		1E85FE8424B5D0FE00B23E2E /* Info.plist */ = {isa = PBXFileReference; lastKnownFileType = text.plist.xml; path = Info.plist; sourceTree = "<group>"; };
		1E85FE8524B5D0FE00B23E2E /* SunsetAlert.entitlements */ = {isa = PBXFileReference; lastKnownFileType = text.plist.entitlements; path = SunsetAlert.entitlements; sourceTree = "<group>"; };
		1E85FE8B24B5E07700B23E2E /* EmptyView.swift */ = {isa = PBXFileReference; lastKnownFileType = sourcecode.swift; path = EmptyView.swift; sourceTree = "<group>"; };
		B0A86BCF27B10A7D00C4D81D /* sunrise.png */ = {isa = PBXFileReference; lastKnownFileType = image.png; path = sunrise.png; sourceTree = "<group>"; };
		B0A86BD127B10B3100C4D81D /* sunrise24x24.png */ = {isa = PBXFileReference; lastKnownFileType = image.png; path = sunrise24x24.png; sourceTree = "<group>"; };
		B0A86BD327B10EA100C4D81D /* sunrise16x16.png */ = {isa = PBXFileReference; lastKnownFileType = image.png; path = sunrise16x16.png; sourceTree = "<group>"; };
		B0A86BD527B10EE100C4D81D /* sunrise_color.png */ = {isa = PBXFileReference; lastKnownFileType = image.png; path = sunrise_color.png; sourceTree = "<group>"; };
		B0A86BD727B1135D00C4D81D /* LICENSE */ = {isa = PBXFileReference; fileEncoding = 4; lastKnownFileType = text; path = LICENSE; sourceTree = "<group>"; };
		B0A86BD827B1135D00C4D81D /* README.md */ = {isa = PBXFileReference; fileEncoding = 4; lastKnownFileType = net.daringfireball.markdown; path = README.md; sourceTree = "<group>"; };
		B0A86BDB27B1151100C4D81D /* location_pin.png */ = {isa = PBXFileReference; lastKnownFileType = image.png; path = location_pin.png; sourceTree = "<group>"; };
		B0A86BDD27B153E100C4D81D /* cock-a-doodle-do.wav */ = {isa = PBXFileReference; lastKnownFileType = audio.wav; path = "cock-a-doodle-do.wav"; sourceTree = "<group>"; };
		B0A86BDF27B15E2C00C4D81D /* sunrise_color24x24.png */ = {isa = PBXFileReference; lastKnownFileType = image.png; path = sunrise_color24x24.png; sourceTree = "<group>"; };
		B0A86BE027B15E2C00C4D81D /* sunrise_color32x32.png */ = {isa = PBXFileReference; lastKnownFileType = image.png; path = sunrise_color32x32.png; sourceTree = "<group>"; };
		B0A86BE127B15E2C00C4D81D /* sunrise_color16x16.png */ = {isa = PBXFileReference; lastKnownFileType = image.png; path = sunrise_color16x16.png; sourceTree = "<group>"; };
		B0A86BE227B15E2C00C4D81D /* sunrise_color64x64.png */ = {isa = PBXFileReference; lastKnownFileType = image.png; path = sunrise_color64x64.png; sourceTree = "<group>"; };
		B0A86BE327B15E2C00C4D81D /* sunrise_color128x128.png */ = {isa = PBXFileReference; lastKnownFileType = image.png; path = sunrise_color128x128.png; sourceTree = "<group>"; };
		B0A86BE927B15E6400C4D81D /* sunrise_color256x256.png */ = {isa = PBXFileReference; lastKnownFileType = image.png; path = sunrise_color256x256.png; sourceTree = "<group>"; };
/* End PBXFileReference section */

/* Begin PBXFrameworksBuildPhase section */
		1E85FE7524B5D0F800B23E2E /* Frameworks */ = {
			isa = PBXFrameworksBuildPhase;
			buildActionMask = 2147483647;
			files = (
			);
			runOnlyForDeploymentPostprocessing = 0;
		};
/* End PBXFrameworksBuildPhase section */

/* Begin PBXGroup section */
		1E85FE6F24B5D0F800B23E2E = {
			isa = PBXGroup;
			children = (
				B0A86BD727B1135D00C4D81D /* LICENSE */,
				B0A86BD827B1135D00C4D81D /* README.md */,
				1E85FE7A24B5D0F800B23E2E /* SunsetAlert */,
				1E85FE7924B5D0F800B23E2E /* Products */,
			);
			sourceTree = "<group>";
		};
		1E85FE7924B5D0F800B23E2E /* Products */ = {
			isa = PBXGroup;
			children = (
				1E85FE7824B5D0F800B23E2E /* SunsetAlert.app */,
			);
			name = Products;
			sourceTree = "<group>";
		};
		1E85FE7A24B5D0F800B23E2E /* SunsetAlert */ = {
			isa = PBXGroup;
			children = (
				1E85FE7B24B5D0F800B23E2E /* SunsetAlertApp.swift */,
				1E85FE7D24B5D0F800B23E2E /* ContentView.swift */,
				1E85FE8B24B5E07700B23E2E /* EmptyView.swift */,
				1E85FE7F24B5D0FE00B23E2E /* Assets.xcassets */,
				1E85FE8424B5D0FE00B23E2E /* Info.plist */,
				1E85FE8524B5D0FE00B23E2E /* SunsetAlert.entitlements */,
				B0A86BCF27B10A7D00C4D81D /* sunrise.png */,
				B0A86BD127B10B3100C4D81D /* sunrise24x24.png */,
				B0A86BD327B10EA100C4D81D /* sunrise16x16.png */,
				B0A86BD527B10EE100C4D81D /* sunrise_color.png */,
				B0A86BE127B15E2C00C4D81D /* sunrise_color16x16.png */,
				B0A86BDF27B15E2C00C4D81D /* sunrise_color24x24.png */,
				B0A86BE027B15E2C00C4D81D /* sunrise_color32x32.png */,
				B0A86BE227B15E2C00C4D81D /* sunrise_color64x64.png */,
				B0A86BE327B15E2C00C4D81D /* sunrise_color128x128.png */,
				B0A86BE927B15E6400C4D81D /* sunrise_color256x256.png */,
				B0A86BDB27B1151100C4D81D /* location_pin.png */,
				B0A86BDD27B153E100C4D81D /* cock-a-doodle-do.wav */,
				1E85FE8124B5D0FE00B23E2E /* Preview Content */,
			);
			path = SunsetAlert;
			sourceTree = "<group>";
		};
		1E85FE8124B5D0FE00B23E2E /* Preview Content */ = {
			isa = PBXGroup;
			children = (
				1E85FE8224B5D0FE00B23E2E /* Preview Assets.xcassets */,
			);
			path = "Preview Content";
			sourceTree = "<group>";
		};
/* End PBXGroup section */

/* Begin PBXNativeTarget section */
		1E85FE7724B5D0F800B23E2E /* SunsetAlert */ = {
			isa = PBXNativeTarget;
			buildConfigurationList = 1E85FE8824B5D0FE00B23E2E /* Build configuration list for PBXNativeTarget "SunsetAlert" */;
			buildPhases = (
				1E85FE7424B5D0F800B23E2E /* Sources */,
				1E85FE7524B5D0F800B23E2E /* Frameworks */,
				1E85FE7624B5D0F800B23E2E /* Resources */,
			);
			buildRules = (
			);
			dependencies = (
			);
			name = SunsetAlert;
			productName = SunsetAlert;
			productReference = 1E85FE7824B5D0F800B23E2E /* SunsetAlert.app */;
			productType = "com.apple.product-type.application";
		};
/* End PBXNativeTarget section */

/* Begin PBXProject section */
		1E85FE7024B5D0F800B23E2E /* Project object */ = {
			isa = PBXProject;
			attributes = {
				LastSwiftUpdateCheck = 1200;
				LastUpgradeCheck = 1250;
				TargetAttributes = {
					1E85FE7724B5D0F800B23E2E = {
						CreatedOnToolsVersion = 12.0;
					};
				};
			};
			buildConfigurationList = 1E85FE7324B5D0F800B23E2E /* Build configuration list for PBXProject "SunsetAlert" */;
			compatibilityVersion = "Xcode 9.3";
			developmentRegion = en;
			hasScannedForEncodings = 0;
			knownRegions = (
				en,
				Base,
			);
			mainGroup = 1E85FE6F24B5D0F800B23E2E;
			productRefGroup = 1E85FE7924B5D0F800B23E2E /* Products */;
			projectDirPath = "";
			projectRoot = "";
			targets = (
				1E85FE7724B5D0F800B23E2E /* SunsetAlert */,
			);
		};
/* End PBXProject section */

/* Begin PBXResourcesBuildPhase section */
		1E85FE7624B5D0F800B23E2E /* Resources */ = {
			isa = PBXResourcesBuildPhase;
			buildActionMask = 2147483647;
			files = (
				B0A86BE727B15E2C00C4D81D /* sunrise_color64x64.png in Resources */,
				B0A86BDC27B1151100C4D81D /* location_pin.png in Resources */,
				B0A86BD227B10B3100C4D81D /* sunrise24x24.png in Resources */,
				B0A86BE527B15E2C00C4D81D /* sunrise_color32x32.png in Resources */,
				B0A86BEA27B15E6400C4D81D /* sunrise_color256x256.png in Resources */,
				1E85FE8324B5D0FE00B23E2E /* Preview Assets.xcassets in Resources */,
				B0A86BE427B15E2C00C4D81D /* sunrise_color24x24.png in Resources */,
				1E85FE8024B5D0FE00B23E2E /* Assets.xcassets in Resources */,
				B0A86BE827B15E2C00C4D81D /* sunrise_color128x128.png in Resources */,
				B0A86BDE27B153E100C4D81D /* cock-a-doodle-do.wav in Resources */,
				B0A86BD927B1135D00C4D81D /* LICENSE in Resources */,
				B0A86BD027B10A7D00C4D81D /* sunrise.png in Resources */,
				B0A86BD427B10EA100C4D81D /* sunrise16x16.png in Resources */,
				B0A86BDA27B1135D00C4D81D /* README.md in Resources */,
				B0A86BE627B15E2C00C4D81D /* sunrise_color16x16.png in Resources */,
				B0A86BD627B10EE100C4D81D /* sunrise_color.png in Resources */,
			);
			runOnlyForDeploymentPostprocessing = 0;
		};
/* End PBXResourcesBuildPhase section */

/* Begin PBXSourcesBuildPhase section */
		1E85FE7424B5D0F800B23E2E /* Sources */ = {
			isa = PBXSourcesBuildPhase;
			buildActionMask = 2147483647;
			files = (
				1E85FE7E24B5D0F800B23E2E /* ContentView.swift in Sources */,
				1E85FE8C24B5E07700B23E2E /* EmptyView.swift in Sources */,
				1E85FE7C24B5D0F800B23E2E /* SunsetAlertApp.swift in Sources */,
			);
			runOnlyForDeploymentPostprocessing = 0;
		};
/* End PBXSourcesBuildPhase section */

/* Begin XCBuildConfiguration section */
		1E85FE8624B5D0FE00B23E2E /* Debug */ = {
			isa = XCBuildConfiguration;
			buildSettings = {
				ALWAYS_SEARCH_USER_PATHS = NO;
				CLANG_ANALYZER_NONNULL = YES;
				CLANG_ANALYZER_NUMBER_OBJECT_CONVERSION = YES_AGGRESSIVE;
				CLANG_CXX_LANGUAGE_STANDARD = "gnu++14";
				CLANG_CXX_LIBRARY = "libc++";
				CLANG_ENABLE_MODULES = YES;
				CLANG_ENABLE_OBJC_ARC = YES;
				CLANG_ENABLE_OBJC_WEAK = YES;
				CLANG_WARN_BLOCK_CAPTURE_AUTORELEASING = YES;
				CLANG_WARN_BOOL_CONVERSION = YES;
				CLANG_WARN_COMMA = YES;
				CLANG_WARN_CONSTANT_CONVERSION = YES;
				CLANG_WARN_DEPRECATED_OBJC_IMPLEMENTATIONS = YES;
				CLANG_WARN_DIRECT_OBJC_ISA_USAGE = YES_ERROR;
				CLANG_WARN_DOCUMENTATION_COMMENTS = YES;
				CLANG_WARN_EMPTY_BODY = YES;
				CLANG_WARN_ENUM_CONVERSION = YES;
				CLANG_WARN_INFINITE_RECURSION = YES;
				CLANG_WARN_INT_CONVERSION = YES;
				CLANG_WARN_NON_LITERAL_NULL_CONVERSION = YES;
				CLANG_WARN_OBJC_IMPLICIT_RETAIN_SELF = YES;
				CLANG_WARN_OBJC_LITERAL_CONVERSION = YES;
				CLANG_WARN_OBJC_ROOT_CLASS = YES_ERROR;
				CLANG_WARN_QUOTED_INCLUDE_IN_FRAMEWORK_HEADER = YES;
				CLANG_WARN_RANGE_LOOP_ANALYSIS = YES;
				CLANG_WARN_STRICT_PROTOTYPES = YES;
				CLANG_WARN_SUSPICIOUS_MOVE = YES;
				CLANG_WARN_UNGUARDED_AVAILABILITY = YES_AGGRESSIVE;
				CLANG_WARN_UNREACHABLE_CODE = YES;
				CLANG_WARN__DUPLICATE_METHOD_MATCH = YES;
				COPY_PHASE_STRIP = NO;
				DEBUG_INFORMATION_FORMAT = dwarf;
				ENABLE_STRICT_OBJC_MSGSEND = YES;
				ENABLE_TESTABILITY = YES;
				GCC_C_LANGUAGE_STANDARD = gnu11;
				GCC_DYNAMIC_NO_PIC = NO;
				GCC_NO_COMMON_BLOCKS = YES;
				GCC_OPTIMIZATION_LEVEL = 0;
				GCC_PREPROCESSOR_DEFINITIONS = (
					"DEBUG=1",
					"$(inherited)",
				);
				GCC_WARN_64_TO_32_BIT_CONVERSION = YES;
				GCC_WARN_ABOUT_RETURN_TYPE = YES_ERROR;
				GCC_WARN_UNDECLARED_SELECTOR = YES;
				GCC_WARN_UNINITIALIZED_AUTOS = YES_AGGRESSIVE;
				GCC_WARN_UNUSED_FUNCTION = YES;
				GCC_WARN_UNUSED_VARIABLE = YES;
				MACOSX_DEPLOYMENT_TARGET = 10.15;
				MTL_ENABLE_DEBUG_INFO = INCLUDE_SOURCE;
				MTL_FAST_MATH = YES;
				ONLY_ACTIVE_ARCH = YES;
				SDKROOT = macosx;
				SWIFT_ACTIVE_COMPILATION_CONDITIONS = DEBUG;
				SWIFT_OPTIMIZATION_LEVEL = "-Onone";
			};
			name = Debug;
		};
		1E85FE8724B5D0FE00B23E2E /* Release */ = {
			isa = XCBuildConfiguration;
			buildSettings = {
				ALWAYS_SEARCH_USER_PATHS = NO;
				CLANG_ANALYZER_NONNULL = YES;
				CLANG_ANALYZER_NUMBER_OBJECT_CONVERSION = YES_AGGRESSIVE;
				CLANG_CXX_LANGUAGE_STANDARD = "gnu++14";
				CLANG_CXX_LIBRARY = "libc++";
				CLANG_ENABLE_MODULES = YES;
				CLANG_ENABLE_OBJC_ARC = YES;
				CLANG_ENABLE_OBJC_WEAK = YES;
				CLANG_WARN_BLOCK_CAPTURE_AUTORELEASING = YES;
				CLANG_WARN_BOOL_CONVERSION = YES;
				CLANG_WARN_COMMA = YES;
				CLANG_WARN_CONSTANT_CONVERSION = YES;
				CLANG_WARN_DEPRECATED_OBJC_IMPLEMENTATIONS = YES;
				CLANG_WARN_DIRECT_OBJC_ISA_USAGE = YES_ERROR;
				CLANG_WARN_DOCUMENTATION_COMMENTS = YES;
				CLANG_WARN_EMPTY_BODY = YES;
				CLANG_WARN_ENUM_CONVERSION = YES;
				CLANG_WARN_INFINITE_RECURSION = YES;
				CLANG_WARN_INT_CONVERSION = YES;
				CLANG_WARN_NON_LITERAL_NULL_CONVERSION = YES;
				CLANG_WARN_OBJC_IMPLICIT_RETAIN_SELF = YES;
				CLANG_WARN_OBJC_LITERAL_CONVERSION = YES;
				CLANG_WARN_OBJC_ROOT_CLASS = YES_ERROR;
				CLANG_WARN_QUOTED_INCLUDE_IN_FRAMEWORK_HEADER = YES;
				CLANG_WARN_RANGE_LOOP_ANALYSIS = YES;
				CLANG_WARN_STRICT_PROTOTYPES = YES;
				CLANG_WARN_SUSPICIOUS_MOVE = YES;
				CLANG_WARN_UNGUARDED_AVAILABILITY = YES_AGGRESSIVE;
				CLANG_WARN_UNREACHABLE_CODE = YES;
				CLANG_WARN__DUPLICATE_METHOD_MATCH = YES;
				COPY_PHASE_STRIP = NO;
				DEBUG_INFORMATION_FORMAT = "dwarf-with-dsym";
				ENABLE_NS_ASSERTIONS = NO;
				ENABLE_STRICT_OBJC_MSGSEND = YES;
				GCC_C_LANGUAGE_STANDARD = gnu11;
				GCC_NO_COMMON_BLOCKS = YES;
				GCC_WARN_64_TO_32_BIT_CONVERSION = YES;
				GCC_WARN_ABOUT_RETURN_TYPE = YES_ERROR;
				GCC_WARN_UNDECLARED_SELECTOR = YES;
				GCC_WARN_UNINITIALIZED_AUTOS = YES_AGGRESSIVE;
				GCC_WARN_UNUSED_FUNCTION = YES;
				GCC_WARN_UNUSED_VARIABLE = YES;
				MACOSX_DEPLOYMENT_TARGET = 10.15;
				MTL_ENABLE_DEBUG_INFO = NO;
				MTL_FAST_MATH = YES;
				SDKROOT = macosx;
				SWIFT_COMPILATION_MODE = wholemodule;
				SWIFT_OPTIMIZATION_LEVEL = "-O";
			};
			name = Release;
		};
		1E85FE8924B5D0FE00B23E2E /* Debug */ = {
			isa = XCBuildConfiguration;
			buildSettings = {
				ASSETCATALOG_COMPILER_APPICON_NAME = AppIcon;
				ASSETCATALOG_COMPILER_GLOBAL_ACCENT_COLOR_NAME = AccentColor;
				CODE_SIGN_ENTITLEMENTS = SunsetAlert/SunsetAlert.entitlements;
				CODE_SIGN_IDENTITY = "Apple Development";
				CODE_SIGN_STYLE = Automatic;
				COMBINE_HIDPI_IMAGES = YES;
				CURRENT_PROJECT_VERSION = 2;
				DEVELOPMENT_ASSET_PATHS = "\"SunsetAlert/Preview Content\"";
				DEVELOPMENT_TEAM = 8NGL2N446J;
				ENABLE_HARDENED_RUNTIME = YES;
				ENABLE_PREVIEWS = YES;
				INFOPLIST_FILE = SunsetAlert/Info.plist;
				LD_RUNPATH_SEARCH_PATHS = (
					"$(inherited)",
					"@executable_path/../Frameworks",
				);
				MACOSX_DEPLOYMENT_TARGET = 11.0;
				PRODUCT_BUNDLE_IDENTIFIER = uk.co.dudmesh.SunsetAlert;
				PRODUCT_NAME = "$(TARGET_NAME)";
				PROVISIONING_PROFILE_SPECIFIER = "";
				SWIFT_VERSION = 5.0;
			};
			name = Debug;
		};
		1E85FE8A24B5D0FE00B23E2E /* Release */ = {
			isa = XCBuildConfiguration;
			buildSettings = {
				ASSETCATALOG_COMPILER_APPICON_NAME = AppIcon;
				ASSETCATALOG_COMPILER_GLOBAL_ACCENT_COLOR_NAME = AccentColor;
				CODE_SIGN_ENTITLEMENTS = SunsetAlert/SunsetAlert.entitlements;
				CODE_SIGN_IDENTITY = "Apple Development";
				CODE_SIGN_STYLE = Automatic;
				COMBINE_HIDPI_IMAGES = YES;
				CURRENT_PROJECT_VERSION = 2;
				DEVELOPMENT_ASSET_PATHS = "\"SunsetAlert/Preview Content\"";
				DEVELOPMENT_TEAM = 8NGL2N446J;
				ENABLE_HARDENED_RUNTIME = YES;
				ENABLE_PREVIEWS = YES;
				INFOPLIST_FILE = SunsetAlert/Info.plist;
				LD_RUNPATH_SEARCH_PATHS = (
					"$(inherited)",
					"@executable_path/../Frameworks",
				);
				MACOSX_DEPLOYMENT_TARGET = 11.0;
				PRODUCT_BUNDLE_IDENTIFIER = uk.co.dudmesh.SunsetAlert;
				PRODUCT_NAME = "$(TARGET_NAME)";
				PROVISIONING_PROFILE_SPECIFIER = "";
				SWIFT_VERSION = 5.0;
			};
			name = Release;
		};
/* End XCBuildConfiguration section */

/* Begin XCConfigurationList section */
		1E85FE7324B5D0F800B23E2E /* Build configuration list for PBXProject "SunsetAlert" */ = {
			isa = XCConfigurationList;
			buildConfigurations = (
				1E85FE8624B5D0FE00B23E2E /* Debug */,
				1E85FE8724B5D0FE00B23E2E /* Release */,
			);
			defaultConfigurationIsVisible = 0;
			defaultConfigurationName = Release;
		};
		1E85FE8824B5D0FE00B23E2E /* Build configuration list for PBXNativeTarget "SunsetAlert" */ = {
			isa = XCConfigurationList;
			buildConfigurations = (
				1E85FE8924B5D0FE00B23E2E /* Debug */,
				1E85FE8A24B5D0FE00B23E2E /* Release */,
			);
			defaultConfigurationIsVisible = 0;
			defaultConfigurationName = Release;
		};
/* End XCConfigurationList section */
	};
	rootObject = 1E85FE7024B5D0F800B23E2E /* Project object */;
}
